
Microsoft Visual Studio Solution File, Format Version 12.00
# Visual Studio Version 17
VisualStudioVersion = 17.7.34221.43
MinimumVisualStudioVersion = 10.0.40219.1
Project("{FAE04EC0-301F-11D3-BF4B-00C04F79EFBC}") = "AngularExcercises", "AngularExcercises\AngularExcercises.csproj", "{06D55E48-F020-4557-BCC6-2E237D827163}"
EndProject
Global
	GlobalSection(SolutionConfigurationPlatforms) = preSolution
		Debug|Any CPU = Debug|Any CPU
		Release|Any CPU = Release|Any CPU
	EndGlobalSection
	GlobalSection(ProjectConfigurationPlatforms) = postSolution
		{06D55E48-F020-4557-BCC6-2E237D827163}.Debug|Any CPU.ActiveCfg = Debug|Any CPU
		{06D55E48-F020-4557-BCC6-2E237D827163}.Debug|Any CPU.Build.0 = Debug|Any CPU
		{06D55E48-F020-4557-BCC6-2E237D827163}.Release|Any CPU.ActiveCfg = Release|Any CPU
		{06D55E48-F020-4557-BCC6-2E237D827163}.Release|Any CPU.Build.0 = Release|Any CPU
	EndGlobalSection
	GlobalSection(SolutionProperties) = preSolution
		HideSolutionNode = FALSE
	EndGlobalSection
	GlobalSection(ExtensibilityGlobals) = postSolution
		SolutionGuid = {2599C24D-007B-4D83-8E38-63A0570AF25D}
	EndGlobalSection
EndGlobal
